
Microsoft Visual Studio Solution File, Format Version 11.00
# Visual Studio 2010
Project("{FAE04EC0-301F-11D3-BF4B-00C04F79EFBC}") = "VR World", "Assembly-CSharp.csproj", "{7726ADAD-0306-E017-7F8E-F22A11714857}"
EndProject
Project("{FAE04EC0-301F-11D3-BF4B-00C04F79EFBC}") = "VR World", "Assembly-CSharp-Editor.csproj", "{1B990FE1-4CC8-FD6A-28F9-BDF0E6DC3ED4}"
EndProject
Global
	GlobalSection(SolutionConfigurationPlatforms) = preSolution
		Debug|Any CPU = Debug|Any CPU
		Release|Any CPU = Release|Any CPU
	EndGlobalSection
	GlobalSection(ProjectConfigurationPlatforms) = postSolution
		{7726ADAD-0306-E017-7F8E-F22A11714857}.Debug|Any CPU.ActiveCfg = Debug|Any CPU
		{7726ADAD-0306-E017-7F8E-F22A11714857}.Debug|Any CPU.Build.0 = Debug|Any CPU
		{7726ADAD-0306-E017-7F8E-F22A11714857}.Release|Any CPU.ActiveCfg = Release|Any CPU
		{7726ADAD-0306-E017-7F8E-F22A11714857}.Release|Any CPU.Build.0 = Release|Any CPU
		{1B990FE1-4CC8-FD6A-28F9-BDF0E6DC3ED4}.Debug|Any CPU.ActiveCfg = Debug|Any CPU
		{1B990FE1-4CC8-FD6A-28F9-BDF0E6DC3ED4}.Debug|Any CPU.Build.0 = Debug|Any CPU
		{1B990FE1-4CC8-FD6A-28F9-BDF0E6DC3ED4}.Release|Any CPU.ActiveCfg = Release|Any CPU
		{1B990FE1-4CC8-FD6A-28F9-BDF0E6DC3ED4}.Release|Any CPU.Build.0 = Release|Any CPU
	EndGlobalSection
	GlobalSection(SolutionProperties) = preSolution
		HideSolutionNode = FALSE
	EndGlobalSection
	GlobalSection(MonoDevelopProperties) = preSolution
		StartupItem = Assembly-CSharp.csproj
	EndGlobalSection
EndGlobal
